Microsoft Visual Studio Solution File, Format Version 12.00
# Visual Studio Version 17
VisualStudioVersion = 17.5.2.0
MinimumVisualStudioVersion = 10.0.40219.1
Project("{FAE04EC0-301F-11D3-BF4B-00C04F79EFBC}") = "Hospital_Backend", "Hospital_Backend\Hospital_Backend.csproj", "{5798F720-6867-9A5A-ABF4-8449BB876C24}"
EndProject
Global
	GlobalSection(SolutionConfigurationPlatforms) = preSolution
		Debug|Any CPU = Debug|Any CPU
		Release|Any CPU = Release|Any CPU
	EndGlobalSection
	GlobalSection(ProjectConfigurationPlatforms) = postSolution
		{5798F720-6867-9A5A-ABF4-8449BB876C24}.Debug|Any CPU.ActiveCfg = Debug|Any CPU
		{5798F720-6867-9A5A-ABF4-8449BB876C24}.Debug|Any CPU.Build.0 = Debug|Any CPU
		{5798F720-6867-9A5A-ABF4-8449BB876C24}.Release|Any CPU.ActiveCfg = Release|Any CPU
		{5798F720-6867-9A5A-ABF4-8449BB876C24}.Release|Any CPU.Build.0 = Release|Any CPU
	EndGlobalSection
	GlobalSection(SolutionProperties) = preSolution
		HideSolutionNode = FALSE
	EndGlobalSection
	GlobalSection(ExtensibilityGlobals) = postSolution
		SolutionGuid = {53739393-E6A8-4800-B2A6-103E3907DCE1}
	EndGlobalSection
EndGlobal
